
Microsoft Visual Studio Solution File, Format Version 12.00
# Visual Studio Version 17
VisualStudioVersion = 17.11.35312.102
MinimumVisualStudioVersion = 10.0.40219.1
Project("{8BC9CEB8-8B4A-11D0-8D11-00A0C91BC942}") = "Arcanoid", "Arcanoid.vcxproj", "{81E91BC4-BE2A-400E-8621-87C95C272637}"
EndProject
Global
	GlobalSection(SolutionConfigurationPlatforms) = preSolution
		Debug|x64 = Debug|x64
		Debug|x86 = Debug|x86
		Release|x64 = Release|x64
		Release|x86 = Release|x86
	EndGlobalSection
	GlobalSection(ProjectConfigurationPlatforms) = postSolution
		{81E91BC4-BE2A-400E-8621-87C95C272637}.Debug|x64.ActiveCfg = Debug|x64
		{81E91BC4-BE2A-400E-8621-87C95C272637}.Debug|x64.Build.0 = Debug|x64
		{81E91BC4-BE2A-400E-8621-87C95C272637}.Debug|x86.ActiveCfg = Debug|Win32
		{81E91BC4-BE2A-400E-8621-87C95C272637}.Debug|x86.Build.0 = Debug|Win32
		{81E91BC4-BE2A-400E-8621-87C95C272637}.Release|x64.ActiveCfg = Release|x64
		{81E91BC4-BE2A-400E-8621-87C95C272637}.Release|x64.Build.0 = Release|x64
		{81E91BC4-BE2A-400E-8621-87C95C272637}.Release|x86.ActiveCfg = Release|Win32
		{81E91BC4-BE2A-400E-8621-87C95C272637}.Release|x86.Build.0 = Release|Win32
	EndGlobalSection
	GlobalSection(SolutionProperties) = preSolution
		HideSolutionNode = FALSE
	EndGlobalSection
	GlobalSection(ExtensibilityGlobals) = postSolution
		SolutionGuid = {170A0BDF-13DC-4A5E-BC15-EFA621373B6B}
	EndGlobalSection
EndGlobal
